
Microsoft Visual Studio Solution File, Format Version 12.00
# Visual Studio 15
Project("{FAE04EC0-301F-11D3-BF4B-00C04F79EFBC}") = "Assembly-CSharp", "Assembly-CSharp.csproj", "{A35E9CE1-5152-89BA-85A2-585D5CA16E0A}"
EndProject
Project("{FAE04EC0-301F-11D3-BF4B-00C04F79EFBC}") = "CFXRRuntime", "CFXRRuntime.csproj", "{4ACCBE17-E39E-470E-6F68-5B99F0CC2680}"
EndProject
Project("{FAE04EC0-301F-11D3-BF4B-00C04F79EFBC}") = "CFXRDemo", "CFXRDemo.csproj", "{F6F7FA03-1229-A78C-2FD4-EB3E9EBE3F84}"
EndProject
Project("{FAE04EC0-301F-11D3-BF4B-00C04F79EFBC}") = "CFXREditor", "CFXREditor.csproj", "{5E6904A7-1C25-0CE4-7CF2-FBAAFCD3DBDA}"
EndProject
Project("{FAE04EC0-301F-11D3-BF4B-00C04F79EFBC}") = "Assembly-CSharp-firstpass", "Assembly-CSharp-firstpass.csproj", "{8F545E9B-8097-4D22-953F-246A230596EF}"
EndProject
Project("{FAE04EC0-301F-11D3-BF4B-00C04F79EFBC}") = "Assembly-CSharp-Editor", "Assembly-CSharp-Editor.csproj", "{8B10B254-BB30-21DE-E59A-37825316930D}"
EndProject
Project("{FAE04EC0-301F-11D3-BF4B-00C04F79EFBC}") = "KinoBloom.Runtime", "KinoBloom.Runtime.csproj", "{E8978201-72E1-D79E-3C8C-27D47C86419E}"
EndProject
Project("{FAE04EC0-301F-11D3-BF4B-00C04F79EFBC}") = "CFXR.WelcomeScreen", "CFXR.WelcomeScreen.csproj", "{61EAE1EF-F7E8-7041-D024-0A40363C6395}"
EndProject
Project("{FAE04EC0-301F-11D3-BF4B-00C04F79EFBC}") = "ToonyColorsPro.Demo.Editor", "ToonyColorsPro.Demo.Editor.csproj", "{75F395D1-96D5-E406-54D5-18F681F0ABCB}"
EndProject
Global
	GlobalSection(SolutionConfigurationPlatforms) = preSolution
		Debug|Any CPU = Debug|Any CPU
		Release|Any CPU = Release|Any CPU
	EndGlobalSection
	GlobalSection(ProjectConfigurationPlatforms) = postSolution
		{A35E9CE1-5152-89BA-85A2-585D5CA16E0A}.Debug|Any CPU.ActiveCfg = Debug|Any CPU
		{A35E9CE1-5152-89BA-85A2-585D5CA16E0A}.Debug|Any CPU.Build.0 = Debug|Any CPU
		{A35E9CE1-5152-89BA-85A2-585D5CA16E0A}.Release|Any CPU.ActiveCfg = Release|Any CPU
		{A35E9CE1-5152-89BA-85A2-585D5CA16E0A}.Release|Any CPU.Build.0 = Release|Any CPU
		{4ACCBE17-E39E-470E-6F68-5B99F0CC2680}.Debug|Any CPU.ActiveCfg = Debug|Any CPU
		{4ACCBE17-E39E-470E-6F68-5B99F0CC2680}.Debug|Any CPU.Build.0 = Debug|Any CPU
		{4ACCBE17-E39E-470E-6F68-5B99F0CC2680}.Release|Any CPU.ActiveCfg = Release|Any CPU
		{4ACCBE17-E39E-470E-6F68-5B99F0CC2680}.Release|Any CPU.Build.0 = Release|Any CPU
		{F6F7FA03-1229-A78C-2FD4-EB3E9EBE3F84}.Debug|Any CPU.ActiveCfg = Debug|Any CPU
		{F6F7FA03-1229-A78C-2FD4-EB3E9EBE3F84}.Debug|Any CPU.Build.0 = Debug|Any CPU
		{F6F7FA03-1229-A78C-2FD4-EB3E9EBE3F84}.Release|Any CPU.ActiveCfg = Release|Any CPU
		{F6F7FA03-1229-A78C-2FD4-EB3E9EBE3F84}.Release|Any CPU.Build.0 = Release|Any CPU
		{5E6904A7-1C25-0CE4-7CF2-FBAAFCD3DBDA}.Debug|Any CPU.ActiveCfg = Debug|Any CPU
		{5E6904A7-1C25-0CE4-7CF2-FBAAFCD3DBDA}.Debug|Any CPU.Build.0 = Debug|Any CPU
		{5E6904A7-1C25-0CE4-7CF2-FBAAFCD3DBDA}.Release|Any CPU.ActiveCfg = Release|Any CPU
		{5E6904A7-1C25-0CE4-7CF2-FBAAFCD3DBDA}.Release|Any CPU.Build.0 = Release|Any CPU
		{8F545E9B-8097-4D22-953F-246A230596EF}.Debug|Any CPU.ActiveCfg = Debug|Any CPU
		{8F545E9B-8097-4D22-953F-246A230596EF}.Debug|Any CPU.Build.0 = Debug|Any CPU
		{8F545E9B-8097-4D22-953F-246A230596EF}.Release|Any CPU.ActiveCfg = Release|Any CPU
		{8F545E9B-8097-4D22-953F-246A230596EF}.Release|Any CPU.Build.0 = Release|Any CPU
		{8B10B254-BB30-21DE-E59A-37825316930D}.Debug|Any CPU.ActiveCfg = Debug|Any CPU
		{8B10B254-BB30-21DE-E59A-37825316930D}.Debug|Any CPU.Build.0 = Debug|Any CPU
		{8B10B254-BB30-21DE-E59A-37825316930D}.Release|Any CPU.ActiveCfg = Release|Any CPU
		{8B10B254-BB30-21DE-E59A-37825316930D}.Release|Any CPU.Build.0 = Release|Any CPU
		{E8978201-72E1-D79E-3C8C-27D47C86419E}.Debug|Any CPU.ActiveCfg = Debug|Any CPU
		{E8978201-72E1-D79E-3C8C-27D47C86419E}.Debug|Any CPU.Build.0 = Debug|Any CPU
		{E8978201-72E1-D79E-3C8C-27D47C86419E}.Release|Any CPU.ActiveCfg = Release|Any CPU
		{E8978201-72E1-D79E-3C8C-27D47C86419E}.Release|Any CPU.Build.0 = Release|Any CPU
		{61EAE1EF-F7E8-7041-D024-0A40363C6395}.Debug|Any CPU.ActiveCfg = Debug|Any CPU
		{61EAE1EF-F7E8-7041-D024-0A40363C6395}.Debug|Any CPU.Build.0 = Debug|Any CPU
		{61EAE1EF-F7E8-7041-D024-0A40363C6395}.Release|Any CPU.ActiveCfg = Release|Any CPU
		{61EAE1EF-F7E8-7041-D024-0A40363C6395}.Release|Any CPU.Build.0 = Release|Any CPU
		{75F395D1-96D5-E406-54D5-18F681F0ABCB}.Debug|Any CPU.ActiveCfg = Debug|Any CPU
		{75F395D1-96D5-E406-54D5-18F681F0ABCB}.Debug|Any CPU.Build.0 = Debug|Any CPU
		{75F395D1-96D5-E406-54D5-18F681F0ABCB}.Release|Any CPU.ActiveCfg = Release|Any CPU
		{75F395D1-96D5-E406-54D5-18F681F0ABCB}.Release|Any CPU.Build.0 = Release|Any CPU
	EndGlobalSection
	GlobalSection(SolutionProperties) = preSolution
		HideSolutionNode = FALSE
	EndGlobalSection
EndGlobal
